{
  "version": 4,
  "terraform_version": "1.12.1",
  "serial": 41,
  "lineage": "14b7c061-c19b-4703-f2c8-1b0a45293714",
  "outputs": {
    "api_gateway_id": {
      "value": "fz4t600wgd",
      "type": "string"
    },
    "api_gateway_url": {
      "value": "https://fz4t600wgd.execute-api.us-east-1.amazonaws.com/prod/data",
      "type": "string"
    },
    "lambda_function_name": {
      "value": "data-atual-function",
      "type": "string"
    }
  },
  "resources": [
    {
      "mode": "data",
      "type": "archive_file",
      "name": "lambda_zip",
      "provider": "provider[\"registry.terraform.io/hashicorp/archive\"]",
      "instances": [
        {
          "schema_version": 0,
          "attributes": {
            "exclude_symlink_directories": null,
            "excludes": null,
            "id": "5a60627743dfb92455490569a25e6ec686b06224",
            "output_base64sha256": "VpBmM6Rt6sjJVoPSG6T5wXZ5tuLS8GRcdgJYnNUex3s=",
            "output_base64sha512": "6f1ERmR7XENubTljJTQF36hgrioL+Ewlt5BQ7Ey7tl+V9DihQN0M0EQ1UZ5Yc+/bCMyMCp73yBa9Kjn18D4QRw==",
            "output_file_mode": null,
            "output_md5": "46a518047ddf1221d249d88dd874cc14",
            "output_path": "lambda_function.zip",
            "output_sha": "5a60627743dfb92455490569a25e6ec686b06224",
            "output_sha256": "56906633a46deac8c95683d21ba4f9c17679b6e2d2f0645c7602589cd51ec77b",
            "output_sha512": "e9fd4446647b5c436e6d3963253405dfa860ae2a0bf84c25b79050ec4cbbb65f95f438a140dd0cd04435519e5873efdb08cc8c0a9ef7c816bd2a39f5f03e1047",
            "output_size": 603,
            "source": [
              {
                "content": "import json\nimport datetime\n\ndef lambda_handler(event, context):\n    \"\"\"\n    Função Lambda que retorna a data atual do sistema\n    \"\"\"\n    try:\n        # Obtém a data atual\n        data_atual = datetime.datetime.now()\n        \n        # Formata a data em formato brasileiro\n        data_formatada = data_atual.strftime(\"%d/%m/%Y %H:%M:%S\")\n        \n        # Retorna a resposta em formato JSON\n        return {\n            'statusCode': 200,\n            'headers': {\n                'Content-Type': 'application/json',\n                'Access-Control-Allow-Origin': '*'\n            },\n            'body': json.dumps({\n                'message': 'Data atual do sistema',\n                'data': data_formatada,\n                'timestamp': data_atual.isoformat()\n            }, ensure_ascii=False)\n        }\n    except Exception as e:\n        # Tratamento de erro\n        return {\n            'statusCode': 500,\n            'headers': {\n                'Content-Type': 'application/json',\n                'Access-Control-Allow-Origin': '*'\n            },\n            'body': json.dumps({\n                'error': 'Erro interno do servidor',\n                'message': str(e)\n            }, ensure_ascii=False)\n        }\n",
                "filename": "lambda_function.py"
              }
            ],
            "source_content": null,
            "source_content_filename": null,
            "source_dir": null,
            "source_file": null,
            "type": "zip"
          },
          "sensitive_attributes": [],
          "identity_schema_version": 0
        }
      ]
    },
    {
      "mode": "managed",
      "type": "aws_api_gateway_deployment",
      "name": "data_atual_deployment",
      "provider": "provider[\"registry.terraform.io/hashicorp/aws\"]",
      "instances": [
        {
          "schema_version": 0,
          "attributes": {
            "canary_settings": [],
            "created_date": "2025-07-12T13:53:14Z",
            "description": "",
            "execution_arn": "arn:aws:execute-api:us-east-1::fz4t600wgd/",
            "id": "gmvzfzd1db",
            "invoke_url": "https://fz4t600wgd.execute-api.us-east-1.amazonaws.com/",
            "rest_api_id": "fz4t600wgd",
            "stage_description": null,
            "stage_name": null,
            "triggers": {
              "redeployment": "c899e2444438f30dad4eb968fc7948b5cc5fca69"
            },
            "variables": null
          },
          "sensitive_attributes": [],
          "identity_schema_version": 0,
          "private": "bnVsbA==",
          "dependencies": [
            "aws_api_gateway_integration.lambda_integration",
            "aws_api_gateway_method.data_get_method",
            "aws_api_gateway_resource.data_resource",
            "aws_api_gateway_rest_api.data_atual_api",
            "aws_iam_role.lambda_role",
            "aws_lambda_function.data_atual_lambda",
            "data.archive_file.lambda_zip"
          ],
          "create_before_destroy": true
        }
      ]
    },
    {
      "mode": "managed",
      "type": "aws_api_gateway_integration",
      "name": "lambda_integration",
      "provider": "provider[\"registry.terraform.io/hashicorp/aws\"]",
      "instances": [
        {
          "schema_version": 0,
          "attributes": {
            "cache_key_parameters": null,
            "cache_namespace": "pbn7l0noc4",
            "connection_id": "",
            "connection_type": "INTERNET",
            "content_handling": "",
            "credentials": "",
            "http_method": "GET",
            "id": "agi-fz4t600wgd-pbn7l0noc4-GET",
            "integration_http_method": "POST",
            "passthrough_behavior": "WHEN_NO_MATCH",
            "request_parameters": null,
            "request_templates": null,
            "resource_id": "pbn7l0noc4",
            "rest_api_id": "fz4t600wgd",
            "timeout_milliseconds": 29000,
            "tls_config": [],
            "type": "AWS_PROXY",
            "uri": "arn:aws:apigateway:us-east-1:lambda:path/2015-03-31/functions/arn:aws:lambda:us-east-1:000000000000:function:data-atual-function/invocations"
          },
          "sensitive_attributes": [],
          "identity_schema_version": 0,
          "private": "bnVsbA==",
          "dependencies": [
            "aws_api_gateway_method.data_get_method",
            "aws_api_gateway_resource.data_resource",
            "aws_api_gateway_rest_api.data_atual_api",
            "aws_iam_role.lambda_role",
            "aws_lambda_function.data_atual_lambda",
            "data.archive_file.lambda_zip"
          ],
          "create_before_destroy": true
        }
      ]
    },
    {
      "mode": "managed",
      "type": "aws_api_gateway_method",
      "name": "data_get_method",
      "provider": "provider[\"registry.terraform.io/hashicorp/aws\"]",
      "instances": [
        {
          "schema_version": 0,
          "attributes": {
            "api_key_required": false,
            "authorization": "NONE",
            "authorization_scopes": null,
            "authorizer_id": null,
            "http_method": "GET",
            "id": "agm-fz4t600wgd-pbn7l0noc4-GET",
            "operation_name": null,
            "request_models": null,
            "request_parameters": null,
            "request_validator_id": null,
            "resource_id": "pbn7l0noc4",
            "rest_api_id": "fz4t600wgd"
          },
          "sensitive_attributes": [],
          "identity_schema_version": 0,
          "private": "bnVsbA==",
          "dependencies": [
            "aws_api_gateway_resource.data_resource",
            "aws_api_gateway_rest_api.data_atual_api"
          ],
          "create_before_destroy": true
        }
      ]
    },
    {
      "mode": "managed",
      "type": "aws_api_gateway_resource",
      "name": "data_resource",
      "provider": "provider[\"registry.terraform.io/hashicorp/aws\"]",
      "instances": [
        {
          "schema_version": 0,
          "attributes": {
            "id": "pbn7l0noc4",
            "parent_id": "gfp4prbfmw",
            "path": "/data",
            "path_part": "data",
            "rest_api_id": "fz4t600wgd"
          },
          "sensitive_attributes": [],
          "identity_schema_version": 0,
          "private": "bnVsbA==",
          "dependencies": [
            "aws_api_gateway_rest_api.data_atual_api"
          ],
          "create_before_destroy": true
        }
      ]
    },
    {
      "mode": "managed",
      "type": "aws_api_gateway_rest_api",
      "name": "data_atual_api",
      "provider": "provider[\"registry.terraform.io/hashicorp/aws\"]",
      "instances": [
        {
          "schema_version": 0,
          "attributes": {
            "api_key_source": "HEADER",
            "arn": "arn:aws:apigateway:us-east-1::/restapis/fz4t600wgd",
            "binary_media_types": [],
            "body": null,
            "created_date": "2025-07-12T13:52:58Z",
            "description": "API Gateway para função Lambda que retorna data atual",
            "disable_execute_api_endpoint": false,
            "endpoint_configuration": [
              {
                "ip_address_type": "",
                "types": [
                  "REGIONAL"
                ],
                "vpc_endpoint_ids": []
              }
            ],
            "execution_arn": "arn:aws:execute-api:us-east-1::fz4t600wgd",
            "fail_on_warnings": null,
            "id": "fz4t600wgd",
            "minimum_compression_size": "",
            "name": "data-atual-api",
            "parameters": null,
            "policy": "",
            "put_rest_api_mode": null,
            "root_resource_id": "gfp4prbfmw",
            "tags": null,
            "tags_all": {}
          },
          "sensitive_attributes": [],
          "identity_schema_version": 0,
          "private": "bnVsbA==",
          "create_before_destroy": true
        }
      ]
    },
    {
      "mode": "managed",
      "type": "aws_api_gateway_stage",
      "name": "data_atual_stage",
      "provider": "provider[\"registry.terraform.io/hashicorp/aws\"]",
      "instances": [
        {
          "schema_version": 0,
          "attributes": {
            "access_log_settings": [],
            "arn": "arn:aws:apigateway:us-east-1::/restapis/fz4t600wgd/stages/prod",
            "cache_cluster_enabled": false,
            "cache_cluster_size": "",
            "canary_settings": [],
            "client_certificate_id": "",
            "deployment_id": "gmvzfzd1db",
            "description": "Stage de produção para API de data atual",
            "documentation_version": "",
            "execution_arn": "arn:aws:execute-api:us-east-1::fz4t600wgd/prod",
            "id": "ags-fz4t600wgd-prod",
            "invoke_url": "https://fz4t600wgd.execute-api.us-east-1.amazonaws.com/prod",
            "rest_api_id": "fz4t600wgd",
            "stage_name": "prod",
            "tags": {
              "Environment": "production",
              "Name": "data-atual-prod-stage"
            },
            "tags_all": {
              "Environment": "production",
              "Name": "data-atual-prod-stage"
            },
            "variables": null,
            "web_acl_arn": "",
            "xray_tracing_enabled": false
          },
          "sensitive_attributes": [],
          "identity_schema_version": 0,
          "private": "bnVsbA==",
          "dependencies": [
            "aws_api_gateway_deployment.data_atual_deployment",
            "aws_api_gateway_integration.lambda_integration",
            "aws_api_gateway_method.data_get_method",
            "aws_api_gateway_resource.data_resource",
            "aws_api_gateway_rest_api.data_atual_api",
            "aws_iam_role.lambda_role",
            "aws_lambda_function.data_atual_lambda",
            "data.archive_file.lambda_zip"
          ]
        }
      ]
    },
    {
      "mode": "managed",
      "type": "aws_iam_role",
      "name": "lambda_role",
      "provider": "provider[\"registry.terraform.io/hashicorp/aws\"]",
      "instances": [
        {
          "schema_version": 0,
          "attributes": {
            "arn": "arn:aws:iam::000000000000:role/lambda-data-atual-role",
            "assume_role_policy": "{\"Statement\":[{\"Action\":\"sts:AssumeRole\",\"Effect\":\"Allow\",\"Principal\":{\"Service\":\"lambda.amazonaws.com\"}}],\"Version\":\"2012-10-17\"}",
            "create_date": "2025-07-12T13:52:55Z",
            "description": "",
            "force_detach_policies": false,
            "id": "lambda-data-atual-role",
            "inline_policy": [],
            "managed_policy_arns": [],
            "max_session_duration": 3600,
            "name": "lambda-data-atual-role",
            "name_prefix": "",
            "path": "/",
            "permissions_boundary": "",
            "tags": null,
            "tags_all": {},
            "unique_id": "AROAQAAAAAAAIKSDMUAL4"
          },
          "sensitive_attributes": [],
          "identity_schema_version": 0,
          "private": "bnVsbA==",
          "create_before_destroy": true
        }
      ]
    },
    {
      "mode": "managed",
      "type": "aws_iam_role_policy_attachment",
      "name": "lambda_basic_execution",
      "provider": "provider[\"registry.terraform.io/hashicorp/aws\"]",
      "instances": [
        {
          "schema_version": 0,
          "attributes": {
            "id": "lambda-data-atual-role-20250712135256107800000001",
            "policy_arn": "arn:aws:iam::aws:policy/service-role/AWSLambdaBasicExecutionRole",
            "role": "lambda-data-atual-role"
          },
          "sensitive_attributes": [],
          "identity_schema_version": 0,
          "private": "bnVsbA==",
          "dependencies": [
            "aws_iam_role.lambda_role"
          ]
        }
      ]
    },
    {
      "mode": "managed",
      "type": "aws_lambda_function",
      "name": "data_atual_lambda",
      "provider": "provider[\"registry.terraform.io/hashicorp/aws\"]",
      "instances": [
        {
          "schema_version": 0,
          "attributes": {
            "architectures": [
              "x86_64"
            ],
            "arn": "arn:aws:lambda:us-east-1:000000000000:function:data-atual-function",
            "code_sha256": "VpBmM6Rt6sjJVoPSG6T5wXZ5tuLS8GRcdgJYnNUex3s=",
            "code_signing_config_arn": "",
            "dead_letter_config": [],
            "description": "Função Lambda que retorna a data atual do sistema",
            "environment": [],
            "ephemeral_storage": [
              {
                "size": 512
              }
            ],
            "file_system_config": [],
            "filename": "lambda_function.zip",
            "function_name": "data-atual-function",
            "handler": "lambda_function.lambda_handler",
            "id": "data-atual-function",
            "image_config": [],
            "image_uri": "",
            "invoke_arn": "arn:aws:apigateway:us-east-1:lambda:path/2015-03-31/functions/arn:aws:lambda:us-east-1:000000000000:function:data-atual-function/invocations",
            "kms_key_arn": "",
            "last_modified": "2025-07-12T13:52:56.842723+0000",
            "layers": null,
            "logging_config": [
              {
                "application_log_level": "",
                "log_format": "Text",
                "log_group": "/aws/lambda/data-atual-function",
                "system_log_level": ""
              }
            ],
            "memory_size": 128,
            "package_type": "Zip",
            "publish": false,
            "qualified_arn": "arn:aws:lambda:us-east-1:000000000000:function:data-atual-function:$LATEST",
            "qualified_invoke_arn": "arn:aws:apigateway:us-east-1:lambda:path/2015-03-31/functions/arn:aws:lambda:us-east-1:000000000000:function:data-atual-function:$LATEST/invocations",
            "replace_security_groups_on_destroy": null,
            "replacement_security_group_ids": null,
            "reserved_concurrent_executions": -1,
            "role": "arn:aws:iam::000000000000:role/lambda-data-atual-role",
            "runtime": "python3.9",
            "s3_bucket": null,
            "s3_key": null,
            "s3_object_version": null,
            "signing_job_arn": "",
            "signing_profile_version_arn": "",
            "skip_destroy": false,
            "snap_start": [],
            "source_code_hash": "VpBmM6Rt6sjJVoPSG6T5wXZ5tuLS8GRcdgJYnNUex3s=",
            "source_code_size": 603,
            "tags": null,
            "tags_all": {},
            "timeout": 30,
            "timeouts": null,
            "tracing_config": [
              {
                "mode": "PassThrough"
              }
            ],
            "version": "$LATEST",
            "vpc_config": []
          },
          "sensitive_attributes": [],
          "identity_schema_version": 0,
          "private": "eyJlMmJmYjczMC1lY2FhLTExZTYtOGY4OC0zNDM2M2JjN2M0YzAiOnsiY3JlYXRlIjo2MDAwMDAwMDAwMDAsImRlbGV0ZSI6NjAwMDAwMDAwMDAwLCJ1cGRhdGUiOjYwMDAwMDAwMDAwMH19",
          "dependencies": [
            "aws_iam_role.lambda_role",
            "data.archive_file.lambda_zip"
          ],
          "create_before_destroy": true
        }
      ]
    },
    {
      "mode": "managed",
      "type": "aws_lambda_permission",
      "name": "allow_api_gateway",
      "provider": "provider[\"registry.terraform.io/hashicorp/aws\"]",
      "instances": [
        {
          "schema_version": 0,
          "attributes": {
            "action": "lambda:InvokeFunction",
            "event_source_token": null,
            "function_name": "data-atual-function",
            "function_url_auth_type": null,
            "id": "AllowExecutionFromAPIGateway",
            "principal": "apigateway.amazonaws.com",
            "principal_org_id": null,
            "qualifier": "",
            "source_account": null,
            "source_arn": "arn:aws:execute-api:us-east-1::fz4t600wgd/prod/*/*",
            "statement_id": "AllowExecutionFromAPIGateway",
            "statement_id_prefix": ""
          },
          "sensitive_attributes": [],
          "identity_schema_version": 0,
          "private": "bnVsbA==",
          "dependencies": [
            "aws_api_gateway_deployment.data_atual_deployment",
            "aws_api_gateway_integration.lambda_integration",
            "aws_api_gateway_method.data_get_method",
            "aws_api_gateway_resource.data_resource",
            "aws_api_gateway_rest_api.data_atual_api",
            "aws_api_gateway_stage.data_atual_stage",
            "aws_iam_role.lambda_role",
            "aws_lambda_function.data_atual_lambda",
            "data.archive_file.lambda_zip"
          ]
        }
      ]
    }
  ],
  "check_results": null
}
